
Microsoft Visual Studio Solution File, Format Version 11.00
# Visual Studio 2010
Project("{FAE04EC0-301F-11D3-BF4B-00C04F79EFBC}") = "Assembly-CSharp", "Assembly-CSharp.csproj", "{e31ced36-2e77-def3-3fe9-21977164e909}"
EndProject
Project("{FAE04EC0-301F-11D3-BF4B-00C04F79EFBC}") = "Unity.2DPlatformer.Tutorials", "Unity.2DPlatformer.Tutorials.csproj", "{dc2b0f0a-eb2e-3637-e9e9-18e93a6e749c}"
EndProject
Project("{FAE04EC0-301F-11D3-BF4B-00C04F79EFBC}") = "Assembly-CSharp-Editor", "Assembly-CSharp-Editor.csproj", "{ff936950-5031-a074-451e-426a1ca87b12}"
EndProject
Global
	GlobalSection(SolutionConfigurationPlatforms) = preSolution
		Debug|Any CPU = Debug|Any CPU
	EndGlobalSection
	GlobalSection(ProjectConfigurationPlatforms) = postSolution
		{e31ced36-2e77-def3-3fe9-21977164e909}.Debug|Any CPU.ActiveCfg = Debug|Any CPU
		{e31ced36-2e77-def3-3fe9-21977164e909}.Debug|Any CPU.Build.0 = Debug|Any CPU
		{dc2b0f0a-eb2e-3637-e9e9-18e93a6e749c}.Debug|Any CPU.ActiveCfg = Debug|Any CPU
		{dc2b0f0a-eb2e-3637-e9e9-18e93a6e749c}.Debug|Any CPU.Build.0 = Debug|Any CPU
		{ff936950-5031-a074-451e-426a1ca87b12}.Debug|Any CPU.ActiveCfg = Debug|Any CPU
		{ff936950-5031-a074-451e-426a1ca87b12}.Debug|Any CPU.Build.0 = Debug|Any CPU
	EndGlobalSection
	GlobalSection(SolutionProperties) = preSolution
		HideSolutionNode = FALSE
	EndGlobalSection
EndGlobal
